
Microsoft Visual Studio Solution File, Format Version 12.00
# Visual Studio Version 16
VisualStudioVersion = 16.0.29306.81
MinimumVisualStudioVersion = 10.0.40219.1
Project("{FAE04EC0-301F-11D3-BF4B-00C04F79EFBC}") = "HospitalProjectHSN", "HospitalProjectHSN\HospitalProjectHSN.csproj", "{B4F62C6D-9154-4428-99FD-8A23776534C4}"
EndProject
Global
	GlobalSection(SolutionConfigurationPlatforms) = preSolution
		Debug|Any CPU = Debug|Any CPU
		Release|Any CPU = Release|Any CPU
	EndGlobalSection
	GlobalSection(ProjectConfigurationPlatforms) = postSolution
		{B4F62C6D-9154-4428-99FD-8A23776534C4}.Debug|Any CPU.ActiveCfg = Debug|Any CPU
		{B4F62C6D-9154-4428-99FD-8A23776534C4}.Debug|Any CPU.Build.0 = Debug|Any CPU
		{B4F62C6D-9154-4428-99FD-8A23776534C4}.Release|Any CPU.ActiveCfg = Release|Any CPU
		{B4F62C6D-9154-4428-99FD-8A23776534C4}.Release|Any CPU.Build.0 = Release|Any CPU
	EndGlobalSection
	GlobalSection(SolutionProperties) = preSolution
		HideSolutionNode = FALSE
	EndGlobalSection
	GlobalSection(ExtensibilityGlobals) = postSolution
		SolutionGuid = {3B0C92DC-60FD-467B-A1E3-F87439C467C6}
	EndGlobalSection
EndGlobal
